
Microsoft Visual Studio Solution File, Format Version 12.00
# Visual Studio Version 17
VisualStudioVersion = 17.0.31903.59
MinimumVisualStudioVersion = 10.0.40219.1
Project("{FAE04EC0-301F-11D3-BF4B-00C04F79EFBC}") = "StringExpressionCalculator", "StringExpressionCalculator\StringExpressionCalculator.csproj", "{18898787-2301-4297-85CD-3D650A58E0E7}"
EndProject
Project("{FAE04EC0-301F-11D3-BF4B-00C04F79EFBC}") = "StringExpressionCalculator.Tests", "StringExpressionCalculator.Tests\StringExpressionCalculator.Tests.csproj", "{91877BE6-290C-4755-92E9-D00B460010D5}"
EndProject
Global
	GlobalSection(SolutionConfigurationPlatforms) = preSolution
		Debug|Any CPU = Debug|Any CPU
		Release|Any CPU = Release|Any CPU
	EndGlobalSection
	GlobalSection(SolutionProperties) = preSolution
		HideSolutionNode = FALSE
	EndGlobalSection
	GlobalSection(ProjectConfigurationPlatforms) = postSolution
		{18898787-2301-4297-85CD-3D650A58E0E7}.Debug|Any CPU.ActiveCfg = Debug|Any CPU
		{18898787-2301-4297-85CD-3D650A58E0E7}.Debug|Any CPU.Build.0 = Debug|Any CPU
		{18898787-2301-4297-85CD-3D650A58E0E7}.Release|Any CPU.ActiveCfg = Release|Any CPU
		{18898787-2301-4297-85CD-3D650A58E0E7}.Release|Any CPU.Build.0 = Release|Any CPU
		{91877BE6-290C-4755-92E9-D00B460010D5}.Debug|Any CPU.ActiveCfg = Debug|Any CPU
		{91877BE6-290C-4755-92E9-D00B460010D5}.Debug|Any CPU.Build.0 = Debug|Any CPU
		{91877BE6-290C-4755-92E9-D00B460010D5}.Release|Any CPU.ActiveCfg = Release|Any CPU
		{91877BE6-290C-4755-92E9-D00B460010D5}.Release|Any CPU.Build.0 = Release|Any CPU
	EndGlobalSection
EndGlobal
